
Microsoft Visual Studio Solution File, Format Version 12.00
# Visual Studio Version 18
VisualStudioVersion = 18.2.11415.280 d18.0
MinimumVisualStudioVersion = 10.0.40219.1
Project("{FAE04EC0-301F-11D3-BF4B-00C04F79EFBC}") = "DeadLock", "DeadLock\DeadLock.csproj", "{2D51E2BE-E9BF-4808-905A-EB7BB16D1EBA}"
EndProject
Project("{FAE04EC0-301F-11D3-BF4B-00C04F79EFBC}") = "RegManager", "RegManager\RegManager.csproj", "{2AB04B89-903C-4D53-BD1D-9C8C5C4F7AEB}"
EndProject
Global
	GlobalSection(SolutionConfigurationPlatforms) = preSolution
		Debug|Any CPU = Debug|Any CPU
		Release|Any CPU = Release|Any CPU
	EndGlobalSection
	GlobalSection(ProjectConfigurationPlatforms) = postSolution
		{2D51E2BE-E9BF-4808-905A-EB7BB16D1EBA}.Debug|Any CPU.ActiveCfg = Debug|Any CPU
		{2D51E2BE-E9BF-4808-905A-EB7BB16D1EBA}.Debug|Any CPU.Build.0 = Debug|Any CPU
		{2D51E2BE-E9BF-4808-905A-EB7BB16D1EBA}.Release|Any CPU.ActiveCfg = Release|Any CPU
		{2D51E2BE-E9BF-4808-905A-EB7BB16D1EBA}.Release|Any CPU.Build.0 = Release|Any CPU
		{2AB04B89-903C-4D53-BD1D-9C8C5C4F7AEB}.Debug|Any CPU.ActiveCfg = Debug|Any CPU
		{2AB04B89-903C-4D53-BD1D-9C8C5C4F7AEB}.Debug|Any CPU.Build.0 = Debug|Any CPU
		{2AB04B89-903C-4D53-BD1D-9C8C5C4F7AEB}.Release|Any CPU.ActiveCfg = Release|Any CPU
		{2AB04B89-903C-4D53-BD1D-9C8C5C4F7AEB}.Release|Any CPU.Build.0 = Release|Any CPU
	EndGlobalSection
	GlobalSection(SolutionProperties) = preSolution
		HideSolutionNode = FALSE
	EndGlobalSection
EndGlobal
